
Microsoft Visual Studio Solution File, Format Version 12.00
# Visual Studio Version 16
VisualStudioVersion = 16.0.34601.136
MinimumVisualStudioVersion = 10.0.40219.1
Project("{FAE04EC0-301F-11D3-BF4B-00C04F79EFBC}") = "Juego del Gato", "Juego del Gato.csproj", "{39B848C4-C506-4080-8BA4-FBB28DDD1AE0}"
EndProject
Global
	GlobalSection(SolutionConfigurationPlatforms) = preSolution
		Debug|Any CPU = Debug|Any CPU
		Release|Any CPU = Release|Any CPU
	EndGlobalSection
	GlobalSection(ProjectConfigurationPlatforms) = postSolution
		{39B848C4-C506-4080-8BA4-FBB28DDD1AE0}.Debug|Any CPU.ActiveCfg = Debug|Any CPU
		{39B848C4-C506-4080-8BA4-FBB28DDD1AE0}.Debug|Any CPU.Build.0 = Debug|Any CPU
		{39B848C4-C506-4080-8BA4-FBB28DDD1AE0}.Release|Any CPU.ActiveCfg = Release|Any CPU
		{39B848C4-C506-4080-8BA4-FBB28DDD1AE0}.Release|Any CPU.Build.0 = Release|Any CPU
	EndGlobalSection
	GlobalSection(SolutionProperties) = preSolution
		HideSolutionNode = FALSE
	EndGlobalSection
	GlobalSection(ExtensibilityGlobals) = postSolution
		SolutionGuid = {1DA4C9CC-4B83-43C3-9E34-20940C6FC6FA}
	EndGlobalSection
EndGlobal
